# THIS IS AN AUTOGENERATED FILE. DO NOT EDIT THIS FILE DIRECTLY.
# yarn lockfile v1


"@babel/code-frame@^7.0.0":
  "integrity" "sha512-TDCmlK5eOvH+eH7cdAFlNXeVJqWIQ7gW9tY1GJIpUtFb6CmjVyq2VM3u71bOyR8CRihcCgMUYoDNyLXao3+70Q=="
  "resolved" "https://registry.npmjs.org/@babel/code-frame/-/code-frame-7.18.6.tgz"
  "version" "7.18.6"
  dependencies:
    "@babel/highlight" "^7.18.6"

"@babel/helper-validator-identifier@^7.18.6":
  "integrity" "sha512-MmetCkz9ej86nJQV+sFCxoGGrUbU3q02kgLciwkrt9QqEB7cP39oKEY0PakknEO0Gu20SskMRi+AYZ3b1TpN9g=="
  "resolved" "https://registry.npmjs.org/@babel/helper-validator-identifier/-/helper-validator-identifier-7.18.6.tgz"
  "version" "7.18.6"

"@babel/highlight@^7.18.6":
  "integrity" "sha512-u7stbOuYjaPezCuLj29hNW1v64M2Md2qupEKP1fHc7WdOA3DgLh37suiSrZYY7haUB7iBeQZ9P1uiRF359do3g=="
  "resolved" "https://registry.npmjs.org/@babel/highlight/-/highlight-7.18.6.tgz"
  "version" "7.18.6"
  dependencies:
    "@babel/helper-validator-identifier" "^7.18.6"
    "chalk" "^2.0.0"
    "js-tokens" "^4.0.0"

"@fastify/ajv-compiler@^3.1.1":
  "integrity" "sha512-m2nzzQJeuVmeGOB9rnII9sZiY8AZ02a9WMQfMBfK1jxdFnxm3FPYKGbYpPjODj4halNogwpolyugbTNpnDCi0A=="
  "resolved" "https://registry.npmjs.org/@fastify/ajv-compiler/-/ajv-compiler-3.1.2.tgz"
  "version" "3.1.2"
  dependencies:
    "ajv" "^8.10.0"
    "ajv-formats" "^2.1.1"
    "fast-uri" "^2.0.0"

"@fastify/cookie@^7.2.0":
  "integrity" "sha512-eM/OoTPEW/83uTEWVVZhVVQCtwRx3vmMs7J68U1DFNf42Ar4nTTZ7qGNYXvJPLUQqGKYS/gxML2soNMmZD8z0Q=="
  "resolved" "https://registry.npmjs.org/@fastify/cookie/-/cookie-7.2.0.tgz"
  "version" "7.2.0"
  dependencies:
    "cookie" "^0.5.0"
    "cookie-signature" "^1.1.0"
    "fastify-plugin" "^3.0.1"

"@fastify/deepmerge@^1.0.0":
  "integrity" "sha512-E8Hfdvs1bG6u0N4vN5Nty6JONUfTdOciyD5rn8KnEsLKIenvOVcr210BQR9t34PRkNyjqnMLGk3e0BsaxRdL+g=="
  "resolved" "https://registry.npmjs.org/@fastify/deepmerge/-/deepmerge-1.1.0.tgz"
  "version" "1.1.0"

"@fastify/error@^3.0.0":
  "integrity" "sha512-dPRyT40GiHRzSCll3/Jn2nPe25+E1VXc9tDwRAIKwFCxd5Np5wzgz1tmooWG3sV0qKgrBibihVoCna2ru4SEFg=="
  "resolved" "https://registry.npmjs.org/@fastify/error/-/error-3.0.0.tgz"
  "version" "3.0.0"

"@fastify/fast-json-stringify-compiler@^4.0.0":
  "integrity" "sha512-9pCi6c6tmGt/qfuf2koZQuSIG6ckP9q3mz+JoMmAq9eQ4EtA92sWoK7E0LJUn2FFTS/hp5kag+4+dWsV5ZfcXg=="
  "resolved" "https://registry.npmjs.org/@fastify/fast-json-stringify-compiler/-/fast-json-stringify-compiler-4.0.0.tgz"
  "version" "4.0.0"
  dependencies:
    "fast-json-stringify" "^5.0.0"

"@kita/cli@file:/www/kita/packages/cli":
  "resolved" "file:packages/cli"
  "version" "1.0.0"
  dependencies:
    "commander" "^9.4.0"
    "glob" "^8.0.3"
    "ts-json-schema-generator" "^1.0.0"
    "tslib" "^2.4.0"
    "typescript" "~4.6.2"

"@kita/core@*", "@kita/core@file:/www/kita/packages/core":
  "resolved" "file:packages/core"
  "version" "1.0.0"
  dependencies:
    "cosmiconfig" "^7.0.1"
    "tslib" "^2.4.0"

"@kita/runtime@*", "@kita/runtime@file:/www/kita/packages/runtime":
  "resolved" "file:packages/runtime"
  "version" "1.0.0"
  dependencies:
    "@kita/core" "*"
    "fastify" "^4.2.1"
    "tslib" "^2.4.0"

"@kita/tests@file:/www/kita/packages/test":
  "resolved" "file:packages/test"
  "version" "1.0.0"
  dependencies:
    "@fastify/cookie" "^7.2.0"
    "@kita/core" "*"
    "@kita/runtime" "*"
    "fastify" "^4.2.1"
    "tslib" "^2.4.0"

"@types/glob@^7.2.0":
  "integrity" "sha512-ZUxbzKl0IfJILTS6t7ip5fQQM/J3TJYubDm3nMbgubNNYS62eXeUpoLUC8/7fJNiFYHTrGPQn7hspDUzIHX3UA=="
  "resolved" "https://registry.npmjs.org/@types/glob/-/glob-7.2.0.tgz"
  "version" "7.2.0"
  dependencies:
    "@types/minimatch" "*"
    "@types/node" "*"

"@types/json-schema@^7.0.9":
  "integrity" "sha512-wOuvG1SN4Us4rez+tylwwwCV1psiNVOkJeM3AUWUNWg/jDQY2+HE/444y5gc+jBmRqASOm2Oeh5c1axHobwRKQ=="
  "resolved" "https://registry.npmjs.org/@types/json-schema/-/json-schema-7.0.11.tgz"
  "version" "7.0.11"

"@types/minimatch@*":
  "integrity" "sha512-Klz949h02Gz2uZCMGwDUSDS1YBlTdDDgbWHi+81l29tQALUtvz4rAYi5uoVhE5Lagoq6DeqAUlbrHvW/mXDgdQ=="
  "resolved" "https://registry.npmjs.org/@types/minimatch/-/minimatch-3.0.5.tgz"
  "version" "3.0.5"

"@types/node@*":
  "integrity" "sha512-En7tneq+j0qAiVwysBD79y86MT3ModuoIJbe7JXp+sb5UAjInSShmK3nXXMioBzfF7rXC12hv12d4IyCVwN4dA=="
  "resolved" "https://registry.npmjs.org/@types/node/-/node-18.0.5.tgz"
  "version" "18.0.5"

"@types/parse-json@^4.0.0":
  "integrity" "sha512-//oorEZjL6sbPcKUaCdIGlIUeH26mgzimjBB77G6XRgnDl/L5wOnpyBGRe/Mmf5CVW3PwEBE1NjiMZ/ssFh4wA=="
  "resolved" "https://registry.npmjs.org/@types/parse-json/-/parse-json-4.0.0.tgz"
  "version" "4.0.0"

"abort-controller@^3.0.0":
  "integrity" "sha512-h8lQ8tacZYnR3vNQTgibj+tODHI5/+l06Au2Pcriv/Gmet0eaj4TwWH41sO9wnHDiQsEj19q0drzdWdeAHtweg=="
  "resolved" "https://registry.npmjs.org/abort-controller/-/abort-controller-3.0.0.tgz"
  "version" "3.0.0"
  dependencies:
    "event-target-shim" "^5.0.0"

"abstract-logging@^2.0.1":
  "integrity" "sha512-2BjRTZxTPvheOvGbBslFSYOUkr+SjPtOnrLP33f+VIWLzezQpZcqVg7ja3L4dBXmzzgwT+a029jRx5PCi3JuiA=="
  "resolved" "https://registry.npmjs.org/abstract-logging/-/abstract-logging-2.0.1.tgz"
  "version" "2.0.1"

"ajv-formats@^2.1.1":
  "integrity" "sha512-Wx0Kx52hxE7C18hkMEggYlEifqWZtYaRgouJor+WMdPnQyEK13vgEWyVNup7SoeeoLMsr4kf5h6dOW11I15MUA=="
  "resolved" "https://registry.npmjs.org/ajv-formats/-/ajv-formats-2.1.1.tgz"
  "version" "2.1.1"
  dependencies:
    "ajv" "^8.0.0"

"ajv@^8.0.0", "ajv@^8.10.0":
  "integrity" "sha512-wGgprdCvMalC0BztXvitD2hC04YffAvtsUn93JbGXYLAtCUO4xd17mCCZQxUOItiBwZvJScWo8NIvQMQ71rdpg=="
  "resolved" "https://registry.npmjs.org/ajv/-/ajv-8.11.0.tgz"
  "version" "8.11.0"
  dependencies:
    "fast-deep-equal" "^3.1.1"
    "json-schema-traverse" "^1.0.0"
    "require-from-string" "^2.0.2"
    "uri-js" "^4.2.2"

"ansi-styles@^3.2.1":
  "integrity" "sha512-VT0ZI6kZRdTh8YyJw3SMbYm/u+NqfsAxEpWO0Pf9sq8/e94WxxOpPKx9FR1FlyCtOVDNOQ+8ntlqFxiRc+r5qA=="
  "resolved" "https://registry.npmjs.org/ansi-styles/-/ansi-styles-3.2.1.tgz"
  "version" "3.2.1"
  dependencies:
    "color-convert" "^1.9.0"

"archy@^1.0.0":
  "integrity" "sha512-Xg+9RwCg/0p32teKdGMPTPnVXKD0w3DfHnFTficozsAgsvq2XenPJq/MYpzzQ/v8zrOyJn6Ds39VA4JIDwFfqw=="
  "resolved" "https://registry.npmjs.org/archy/-/archy-1.0.0.tgz"
  "version" "1.0.0"

"atomic-sleep@^1.0.0":
  "integrity" "sha512-kNOjDqAh7px0XWNI+4QbzoiR/nTkHAWNud2uvnJquD1/x5a7EQZMJT0AczqK0Qn67oY/TTQ1LbUKajZpp3I9tQ=="
  "resolved" "https://registry.npmjs.org/atomic-sleep/-/atomic-sleep-1.0.0.tgz"
  "version" "1.0.0"

"avvio@^8.1.3":
  "integrity" "sha512-bbCQdg7bpEv6kGH41RO/3B2/GMMmJSo2iBK+X8AWN9mujtfUipMDfIjsgHCfpnKqoGEQrrmCDKSa5OQ19+fDmg=="
  "resolved" "https://registry.npmjs.org/avvio/-/avvio-8.2.0.tgz"
  "version" "8.2.0"
  dependencies:
    "archy" "^1.0.0"
    "debug" "^4.0.0"
    "fastq" "^1.6.1"

"balanced-match@^1.0.0":
  "integrity" "sha512-3oSeUO0TMV67hN1AmbXsK4yaqU7tjiHlbxRDZOpH0KW9+CeX4bRAaX0Anxt0tx2MrpRpWwQaPwIlISEJhYU5Pw=="
  "resolved" "https://registry.npmjs.org/balanced-match/-/balanced-match-1.0.2.tgz"
  "version" "1.0.2"

"brace-expansion@^1.1.7":
  "integrity" "sha512-iCuPHDFgrHX7H2vEI/5xpz07zSHB00TpugqhmYtVmMO6518mCuRMoOYFldEBl0g187ufozdaHgWKcYFb61qGiA=="
  "resolved" "https://registry.npmjs.org/brace-expansion/-/brace-expansion-1.1.11.tgz"
  "version" "1.1.11"
  dependencies:
    "balanced-match" "^1.0.0"
    "concat-map" "0.0.1"

"brace-expansion@^2.0.1":
  "integrity" "sha512-XnAIvQ8eM+kC6aULx6wuQiwVsnzsi9d3WxzV3FpWTGA19F621kwdbsAcFKXgKUHZWsy+mY6iL1sHTxWEFCytDA=="
  "resolved" "https://registry.npmjs.org/brace-expansion/-/brace-expansion-2.0.1.tgz"
  "version" "2.0.1"
  dependencies:
    "balanced-match" "^1.0.0"

"callsites@^3.0.0":
  "integrity" "sha512-P8BjAsXvZS+VIDUI11hHCQEv74YT67YUi5JJFNWIqL235sBmjX4+qx9Muvls5ivyNENctx46xQLQ3aTuE7ssaQ=="
  "resolved" "https://registry.npmjs.org/callsites/-/callsites-3.1.0.tgz"
  "version" "3.1.0"

"chalk@^2.0.0":
  "integrity" "sha512-Mti+f9lpJNcwF4tWV8/OrTTtF1gZi+f8FqlyAdouralcFWFQWF2+NgCHShjkCb+IFBLq9buZwE1xckQU4peSuQ=="
  "resolved" "https://registry.npmjs.org/chalk/-/chalk-2.4.2.tgz"
  "version" "2.4.2"
  dependencies:
    "ansi-styles" "^3.2.1"
    "escape-string-regexp" "^1.0.5"
    "supports-color" "^5.3.0"

"color-convert@^1.9.0":
  "integrity" "sha512-QfAUtd+vFdAtFQcC8CCyYt1fYWxSqAiK2cSD6zDB8N3cpsEBAvRxp9zOGg6G/SHHJYAT88/az/IuDGALsNVbGg=="
  "resolved" "https://registry.npmjs.org/color-convert/-/color-convert-1.9.3.tgz"
  "version" "1.9.3"
  dependencies:
    "color-name" "1.1.3"

"color-name@1.1.3":
  "integrity" "sha512-72fSenhMw2HZMTVHeCA9KCmpEIbzWiQsjN+BHcBbS9vr1mtt+vJjPdksIBNUmKAW8TFUDPJK5SUU3QhE9NEXDw=="
  "resolved" "https://registry.npmjs.org/color-name/-/color-name-1.1.3.tgz"
  "version" "1.1.3"

"commander@^9.0.0", "commander@^9.4.0":
  "integrity" "sha512-sRPT+umqkz90UA8M1yqYfnHlZA7fF6nSphDtxeywPZ49ysjxDQybzk13CL+mXekDRG92skbcqCLVovuCusNmFw=="
  "resolved" "https://registry.npmjs.org/commander/-/commander-9.4.0.tgz"
  "version" "9.4.0"

"concat-map@0.0.1":
  "integrity" "sha512-/Srv4dswyQNBfohGpz9o6Yb3Gz3SrUDqBH5rTuhGR7ahtlbYKnVxw2bCFMRljaA7EXHaXZ8wsHdodFvbkhKmqg=="
  "resolved" "https://registry.npmjs.org/concat-map/-/concat-map-0.0.1.tgz"
  "version" "0.0.1"

"cookie-signature@^1.1.0":
  "integrity" "sha512-R0BOPfLGTitaKhgKROKZQN6iyq2iDQcH1DOF8nJoaWapguX5bC2w+Q/I9NmmM5lfcvEarnLZr+cCvmEYYSXvYA=="
  "resolved" "https://registry.npmjs.org/cookie-signature/-/cookie-signature-1.2.0.tgz"
  "version" "1.2.0"

"cookie@^0.5.0":
  "integrity" "sha512-YZ3GUyn/o8gfKJlnlX7g7xq4gyO6OSuhGPKaaGssGB2qgDUS0gPgtTvoyZLTt9Ab6dC4hfc9dV5arkvc/OCmrw=="
  "resolved" "https://registry.npmjs.org/cookie/-/cookie-0.5.0.tgz"
  "version" "0.5.0"

"cosmiconfig@^7.0.1":
  "integrity" "sha512-a1YWNUV2HwGimB7dU2s1wUMurNKjpx60HxBB6xUM8Re+2s1g1IIfJvFR0/iCF+XHdE0GMTKTuLR32UQff4TEyQ=="
  "resolved" "https://registry.npmjs.org/cosmiconfig/-/cosmiconfig-7.0.1.tgz"
  "version" "7.0.1"
  dependencies:
    "@types/parse-json" "^4.0.0"
    "import-fresh" "^3.2.1"
    "parse-json" "^5.0.0"
    "path-type" "^4.0.0"
    "yaml" "^1.10.0"

"debug@^4.0.0":
  "integrity" "sha512-PRWFHuSU3eDtQJPvnNY7Jcket1j0t5OuOsFzPPzsekD52Zl8qUfFIPEiswXqIvHWGVHOgX+7G/vCNNhehwxfkQ=="
  "resolved" "https://registry.npmjs.org/debug/-/debug-4.3.4.tgz"
  "version" "4.3.4"
  dependencies:
    "ms" "2.1.2"

"error-ex@^1.3.1":
  "integrity" "sha512-7dFHNmqeFSEt2ZBsCriorKnn3Z2pj+fd9kmI6QoWw4//DL+icEBfc0U7qJCisqrTsKTjw4fNFy2pW9OqStD84g=="
  "resolved" "https://registry.npmjs.org/error-ex/-/error-ex-1.3.2.tgz"
  "version" "1.3.2"
  dependencies:
    "is-arrayish" "^0.2.1"

"escape-string-regexp@^1.0.5":
  "integrity" "sha512-vbRorB5FUQWvla16U8R/qgaFIya2qGzwDrNmCZuYKrbdSUMG6I1ZCGQRefkRVhuOkIGVne7BQ35DSfo1qvJqFg=="
  "resolved" "https://registry.npmjs.org/escape-string-regexp/-/escape-string-regexp-1.0.5.tgz"
  "version" "1.0.5"

"event-target-shim@^5.0.0":
  "integrity" "sha512-i/2XbnSz/uxRCU6+NdVJgKWDTM427+MqYbkQzD321DuCQJUqOuJKIA0IM2+W2xtYHdKOmZ4dR6fExsd4SXL+WQ=="
  "resolved" "https://registry.npmjs.org/event-target-shim/-/event-target-shim-5.0.1.tgz"
  "version" "5.0.1"

"fast-deep-equal@^3.1.1", "fast-deep-equal@^3.1.3":
  "integrity" "sha512-f3qQ9oQy9j2AhBe/H9VC91wLmKBCCU/gDOnKNAYG5hswO7BLKj09Hc5HYNz9cGI++xlpDCIgDaitVs03ATR84Q=="
  "resolved" "https://registry.npmjs.org/fast-deep-equal/-/fast-deep-equal-3.1.3.tgz"
  "version" "3.1.3"

"fast-json-stringify@^5.0.0":
  "integrity" "sha512-IybGfbUc1DQgyrp9Myhwlr1Z5vjV37mBkdgcbuvsvUxv5fayG+cHlTQQpXH9nMwUPgp+5Y3RT7QDgx5zJ9NS3A=="
  "resolved" "https://registry.npmjs.org/fast-json-stringify/-/fast-json-stringify-5.1.0.tgz"
  "version" "5.1.0"
  dependencies:
    "@fastify/deepmerge" "^1.0.0"
    "ajv" "^8.10.0"
    "ajv-formats" "^2.1.1"
    "fast-uri" "^2.1.0"
    "rfdc" "^1.2.0"

"fast-redact@^3.1.1":
  "integrity" "sha512-odVmjC8x8jNeMZ3C+rPMESzXVSEU8tSWSHv9HFxP2mm89G/1WwqhrerJDQm9Zus8X6aoRgQDThKqptdNA6bt+A=="
  "resolved" "https://registry.npmjs.org/fast-redact/-/fast-redact-3.1.1.tgz"
  "version" "3.1.1"

"fast-uri@^2.0.0", "fast-uri@^2.1.0":
  "integrity" "sha512-qKRta6N7BWEFVlyonVY/V+BMLgFqktCUV0QjT259ekAIlbVrMaFnFLxJ4s/JPl4tou56S1BzPufI60bLe29fHA=="
  "resolved" "https://registry.npmjs.org/fast-uri/-/fast-uri-2.1.0.tgz"
  "version" "2.1.0"

"fastify-plugin@^3.0.1":
  "integrity" "sha512-qKcDXmuZadJqdTm6vlCqioEbyewF60b/0LOFCcYN1B6BIZGlYJumWWOYs70SFYLDAH4YqdE1cxH/RKMG7rFxgA=="
  "resolved" "https://registry.npmjs.org/fastify-plugin/-/fastify-plugin-3.0.1.tgz"
  "version" "3.0.1"

"fastify@^4.2.1":
  "integrity" "sha512-eyAWHN9+8IPTnhvGz+leseASGV/JZ75Y+jXXV7tid4awUjCMInY1gazZXuTD95xUW+Ve5vfgLjQ2i1i0/XJjdw=="
  "resolved" "https://registry.npmjs.org/fastify/-/fastify-4.2.1.tgz"
  "version" "4.2.1"
  dependencies:
    "@fastify/ajv-compiler" "^3.1.1"
    "@fastify/error" "^3.0.0"
    "@fastify/fast-json-stringify-compiler" "^4.0.0"
    "abstract-logging" "^2.0.1"
    "avvio" "^8.1.3"
    "find-my-way" "^7.0.0"
    "light-my-request" "^5.0.0"
    "pino" "^8.0.0"
    "process-warning" "^2.0.0"
    "proxy-addr" "^2.0.7"
    "rfdc" "^1.3.0"
    "secure-json-parse" "^2.4.0"
    "semver" "^7.3.7"
    "tiny-lru" "^8.0.2"

"fastq@^1.6.1":
  "integrity" "sha512-YpkpUnK8od0o1hmeSc7UUs/eB/vIPWJYjKck2QKIzAf71Vm1AAQ3EbuZB3g2JIy+pg+ERD0vqI79KyZiB2e2Nw=="
  "resolved" "https://registry.npmjs.org/fastq/-/fastq-1.13.0.tgz"
  "version" "1.13.0"
  dependencies:
    "reusify" "^1.0.4"

"find-my-way@^7.0.0":
  "integrity" "sha512-NHVohYPYRXgj6jxXVRwm4iMQjA2ggJpyewHz7Nq7hvBnHoYJJIyHuxNzs8QLPTLQfoqxZzls2g6Zm79XMbhXjA=="
  "resolved" "https://registry.npmjs.org/find-my-way/-/find-my-way-7.0.0.tgz"
  "version" "7.0.0"
  dependencies:
    "fast-deep-equal" "^3.1.3"
    "safe-regex2" "^2.0.0"

"forwarded@0.2.0":
  "integrity" "sha512-buRG0fpBtRHSTCOASe6hD258tEubFoRLb4ZNA6NxMVHNw2gOcwHo9wyablzMzOA5z9xA9L1KNjk/Nt6MT9aYow=="
  "resolved" "https://registry.npmjs.org/forwarded/-/forwarded-0.2.0.tgz"
  "version" "0.2.0"

"fs.realpath@^1.0.0":
  "integrity" "sha512-OO0pH2lK6a0hZnAdau5ItzHPI6pUlvI7jMVnxUQRtw4owF2wk8lOSabtGDCTP4Ggrg2MbGnWO9X8K1t4+fGMDw=="
  "resolved" "https://registry.npmjs.org/fs.realpath/-/fs.realpath-1.0.0.tgz"
  "version" "1.0.0"

"glob@^7.2.0":
  "integrity" "sha512-nFR0zLpU2YCaRxwoCJvL6UvCH2JFyFVIvwTLsIf21AuHlMskA1hhTdk+LlYJtOlYt9v6dvszD2BGRqBL+iQK9Q=="
  "resolved" "https://registry.npmjs.org/glob/-/glob-7.2.3.tgz"
  "version" "7.2.3"
  dependencies:
    "fs.realpath" "^1.0.0"
    "inflight" "^1.0.4"
    "inherits" "2"
    "minimatch" "^3.1.1"
    "once" "^1.3.0"
    "path-is-absolute" "^1.0.0"

"glob@^8.0.3":
  "integrity" "sha512-ull455NHSHI/Y1FqGaaYFaLGkNMMJbavMrEGFXG/PGrg6y7sutWHUHrz6gy6WEBH6akM1M414dWKCNs+IhKdiQ=="
  "resolved" "https://registry.npmjs.org/glob/-/glob-8.0.3.tgz"
  "version" "8.0.3"
  dependencies:
    "fs.realpath" "^1.0.0"
    "inflight" "^1.0.4"
    "inherits" "2"
    "minimatch" "^5.0.1"
    "once" "^1.3.0"

"has-flag@^3.0.0":
  "integrity" "sha512-sKJf1+ceQBr4SMkvQnBDNDtf4TXpVhVGateu0t918bl30FnbE2m4vNLX+VWe/dpjlb+HugGYzW7uQXH98HPEYw=="
  "resolved" "https://registry.npmjs.org/has-flag/-/has-flag-3.0.0.tgz"
  "version" "3.0.0"

"import-fresh@^3.2.1":
  "integrity" "sha512-veYYhQa+D1QBKznvhUHxb8faxlrwUnxseDAbAp457E0wLNio2bOSKnjYDhMj+YiAq61xrMGhQk9iXVk5FzgQMw=="
  "resolved" "https://registry.npmjs.org/import-fresh/-/import-fresh-3.3.0.tgz"
  "version" "3.3.0"
  dependencies:
    "parent-module" "^1.0.0"
    "resolve-from" "^4.0.0"

"inflight@^1.0.4":
  "integrity" "sha512-k92I/b08q4wvFscXCLvqfsHCrjrF7yiXsQuIVvVE7N82W3+aqpzuUdBbfhWcy/FZR3/4IgflMgKLOsvPDrGCJA=="
  "resolved" "https://registry.npmjs.org/inflight/-/inflight-1.0.6.tgz"
  "version" "1.0.6"
  dependencies:
    "once" "^1.3.0"
    "wrappy" "1"

"inherits@2":
  "integrity" "sha512-k/vGaX4/Yla3WzyMCvTQOXYeIHvqOKtnqBduzTHpzpQZzAskKMhZ2K+EnBiSM9zGSoIFeMpXKxa4dYeZIQqewQ=="
  "resolved" "https://registry.npmjs.org/inherits/-/inherits-2.0.4.tgz"
  "version" "2.0.4"

"ipaddr.js@1.9.1":
  "integrity" "sha512-0KI/607xoxSToH7GjN1FfSbLoU0+btTicjsQSWQlh/hZykN8KpmMf7uYwPW3R+akZ6R/w18ZlXSHBYXiYUPO3g=="
  "resolved" "https://registry.npmjs.org/ipaddr.js/-/ipaddr.js-1.9.1.tgz"
  "version" "1.9.1"

"is-arrayish@^0.2.1":
  "integrity" "sha512-zz06S8t0ozoDXMG+ube26zeCTNXcKIPJZJi8hBrF4idCLms4CG9QtK7qBl1boi5ODzFpjswb5JPmHCbMpjaYzg=="
  "resolved" "https://registry.npmjs.org/is-arrayish/-/is-arrayish-0.2.1.tgz"
  "version" "0.2.1"

"js-tokens@^4.0.0":
  "integrity" "sha512-RdJUflcE3cUzKiMqQgsCu06FPu9UdIJO0beYbPhHN4k6apgJtifcoCtT9bcxOpYBtpD2kCM6Sbzg4CausW/PKQ=="
  "resolved" "https://registry.npmjs.org/js-tokens/-/js-tokens-4.0.0.tgz"
  "version" "4.0.0"

"json-parse-even-better-errors@^2.3.0":
  "integrity" "sha512-xyFwyhro/JEof6Ghe2iz2NcXoj2sloNsWr/XsERDK/oiPCfaNhl5ONfp+jQdAZRQQ0IJWNzH9zIZF7li91kh2w=="
  "resolved" "https://registry.npmjs.org/json-parse-even-better-errors/-/json-parse-even-better-errors-2.3.1.tgz"
  "version" "2.3.1"

"json-schema-traverse@^1.0.0":
  "integrity" "sha512-NM8/P9n3XjXhIZn1lLhkFaACTOURQXjWhV4BA/RnOv8xvgqtqpAX9IO4mRQxSx1Rlo4tqzeqb0sOlruaOy3dug=="
  "resolved" "https://registry.npmjs.org/json-schema-traverse/-/json-schema-traverse-1.0.0.tgz"
  "version" "1.0.0"

"json5@^2.2.0":
  "integrity" "sha512-1hqLFMSrGHRHxav9q9gNjJ5EXznIxGVO09xQRrwplcS8qs28pZ8s8hupZAmqDwZUmVZ2Qb2jnyPOWcDH8m8dlA=="
  "resolved" "https://registry.npmjs.org/json5/-/json5-2.2.1.tgz"
  "version" "2.2.1"

"light-my-request@^5.0.0":
  "integrity" "sha512-pPQiXZaFGxVJccAC7zigUwyso5iCHz/sk17IKdcB6GUv6sXlxT7lOJFzosPhNs5/TyEXjITIEDfCyM3hHC34iQ=="
  "resolved" "https://registry.npmjs.org/light-my-request/-/light-my-request-5.1.0.tgz"
  "version" "5.1.0"
  dependencies:
    "cookie" "^0.5.0"
    "process-warning" "^2.0.0"
    "set-cookie-parser" "^2.4.1"

"lines-and-columns@^1.1.6":
  "integrity" "sha512-7ylylesZQ/PV29jhEDl3Ufjo6ZX7gCqJr5F7PKrqc93v7fzSymt1BpwEU8nAUXs8qzzvqhbjhK5QZg6Mt/HkBg=="
  "resolved" "https://registry.npmjs.org/lines-and-columns/-/lines-and-columns-1.2.4.tgz"
  "version" "1.2.4"

"lru-cache@^6.0.0":
  "integrity" "sha512-Jo6dJ04CmSjuznwJSS3pUeWmd/H0ffTlkXXgwZi+eq1UCmqQwCh+eLsYOYCwY991i2Fah4h1BEMCx4qThGbsiA=="
  "resolved" "https://registry.npmjs.org/lru-cache/-/lru-cache-6.0.0.tgz"
  "version" "6.0.0"
  dependencies:
    "yallist" "^4.0.0"

"minimatch@^3.1.1":
  "integrity" "sha512-J7p63hRiAjw1NDEww1W7i37+ByIrOWO5XQQAzZ3VOcL0PNybwpfmV/N05zFAzwQ9USyEcX6t3UO+K5aqBQOIHw=="
  "resolved" "https://registry.npmjs.org/minimatch/-/minimatch-3.1.2.tgz"
  "version" "3.1.2"
  dependencies:
    "brace-expansion" "^1.1.7"

"minimatch@^5.0.1":
  "integrity" "sha512-9TPBGGak4nHfGZsPBohm9AWg6NoT7QTCehS3BIJABslyZbzxfV78QM2Y6+i741OPZIafFAaiiEMh5OyIrJPgtg=="
  "resolved" "https://registry.npmjs.org/minimatch/-/minimatch-5.1.0.tgz"
  "version" "5.1.0"
  dependencies:
    "brace-expansion" "^2.0.1"

"ms@2.1.2":
  "integrity" "sha512-sGkPx+VjMtmA6MX27oA4FBFELFCZZ4S4XqeGOXCv68tT+jb3vk/RyaKWP0PTKyWtmLSM0b+adUTEvbs1PEaH2w=="
  "resolved" "https://registry.npmjs.org/ms/-/ms-2.1.2.tgz"
  "version" "2.1.2"

"on-exit-leak-free@^2.1.0":
  "integrity" "sha512-VuCaZZAjReZ3vUwgOB8LxAosIurDiAW0s13rI1YwmaP++jvcxP77AWoQvenZebpCA2m8WC1/EosPYPMjnRAp/w=="
  "resolved" "https://registry.npmjs.org/on-exit-leak-free/-/on-exit-leak-free-2.1.0.tgz"
  "version" "2.1.0"

"once@^1.3.0":
  "integrity" "sha512-lNaJgI+2Q5URQBkccEKHTQOPaXdUxnZZElQTZY0MFUAuaEqe1E+Nyvgdz/aIyNi6Z9MzO5dv1H8n58/GELp3+w=="
  "resolved" "https://registry.npmjs.org/once/-/once-1.4.0.tgz"
  "version" "1.4.0"
  dependencies:
    "wrappy" "1"

"parent-module@^1.0.0":
  "integrity" "sha512-GQ2EWRpQV8/o+Aw8YqtfZZPfNRWZYkbidE9k5rpl/hC3vtHHBfGm2Ifi6qWV+coDGkrUKZAxE3Lot5kcsRlh+g=="
  "resolved" "https://registry.npmjs.org/parent-module/-/parent-module-1.0.1.tgz"
  "version" "1.0.1"
  dependencies:
    "callsites" "^3.0.0"

"parse-json@^5.0.0":
  "integrity" "sha512-ayCKvm/phCGxOkYRSCM82iDwct8/EonSEgCSxWxD7ve6jHggsFl4fZVQBPRNgQoKiuV/odhFrGzQXZwbifC8Rg=="
  "resolved" "https://registry.npmjs.org/parse-json/-/parse-json-5.2.0.tgz"
  "version" "5.2.0"
  dependencies:
    "@babel/code-frame" "^7.0.0"
    "error-ex" "^1.3.1"
    "json-parse-even-better-errors" "^2.3.0"
    "lines-and-columns" "^1.1.6"

"path-is-absolute@^1.0.0":
  "integrity" "sha512-AVbw3UJ2e9bq64vSaS9Am0fje1Pa8pbGqTTsmXfaIiMpnr5DlDhfJOuLj9Sf95ZPVDAUerDfEk88MPmPe7UCQg=="
  "resolved" "https://registry.npmjs.org/path-is-absolute/-/path-is-absolute-1.0.1.tgz"
  "version" "1.0.1"

"path-type@^4.0.0":
  "integrity" "sha512-gDKb8aZMDeD/tZWs9P6+q0J9Mwkdl6xMV8TjnGP3qJVJ06bdMgkbBlLU8IdfOsIsFz2BW1rNVT3XuNEl8zPAvw=="
  "resolved" "https://registry.npmjs.org/path-type/-/path-type-4.0.0.tgz"
  "version" "4.0.0"

"pino-abstract-transport@v1.0.0":
  "integrity" "sha512-c7vo5OpW4wIS42hUVcT5REsL8ZljsUfBjqV/e2sFxmFEFZiq1XLUp5EYLtuDH6PEHq9W1egWqRbnLUP5FuZmOA=="
  "resolved" "https://registry.npmjs.org/pino-abstract-transport/-/pino-abstract-transport-1.0.0.tgz"
  "version" "1.0.0"
  dependencies:
    "readable-stream" "^4.0.0"
    "split2" "^4.0.0"

"pino-std-serializers@^5.0.0":
  "integrity" "sha512-VdUXCw8gO+xhir7sFuoYSjTnzB+TMDGxhAC/ph3YS3sdHnXNdsK0wMtADNUltfeGkn2KDxEM21fnjF3RwXyC8A=="
  "resolved" "https://registry.npmjs.org/pino-std-serializers/-/pino-std-serializers-5.6.0.tgz"
  "version" "5.6.0"

"pino@^8.0.0":
  "integrity" "sha512-53jlxs+02UNTtF1XwVWfa0dHipBiM5GK73XhkHn8M2hUl9y3L94dNwB8BwQhpd5WdHjBkyJiO7v0LRt4SGgsPg=="
  "resolved" "https://registry.npmjs.org/pino/-/pino-8.1.0.tgz"
  "version" "8.1.0"
  dependencies:
    "atomic-sleep" "^1.0.0"
    "fast-redact" "^3.1.1"
    "on-exit-leak-free" "^2.1.0"
    "pino-abstract-transport" "v1.0.0"
    "pino-std-serializers" "^5.0.0"
    "process-warning" "^2.0.0"
    "quick-format-unescaped" "^4.0.3"
    "real-require" "^0.1.0"
    "safe-stable-stringify" "^2.3.1"
    "sonic-boom" "^3.0.0"
    "thread-stream" "^1.0.0"

"process-warning@^2.0.0":
  "integrity" "sha512-+MmoAXoUX+VTHAlwns0h+kFUWFs/3FZy+ZuchkgjyOu3oioLAo2LB5aCfKPh2+P9O18i3m43tUEv3YqttSy0Ww=="
  "resolved" "https://registry.npmjs.org/process-warning/-/process-warning-2.0.0.tgz"
  "version" "2.0.0"

"proxy-addr@^2.0.7":
  "integrity" "sha512-llQsMLSUDUPT44jdrU/O37qlnifitDP+ZwrmmZcoSKyLKvtZxpyV0n2/bD/N4tBAAZ/gJEdZU7KMraoK1+XYAg=="
  "resolved" "https://registry.npmjs.org/proxy-addr/-/proxy-addr-2.0.7.tgz"
  "version" "2.0.7"
  dependencies:
    "forwarded" "0.2.0"
    "ipaddr.js" "1.9.1"

"punycode@^2.1.0":
  "integrity" "sha512-XRsRjdf+j5ml+y/6GKHPZbrF/8p2Yga0JPtdqTIY2Xe5ohJPD9saDJJLPvp9+NSBprVvevdXZybnj2cv8OEd0A=="
  "resolved" "https://registry.npmjs.org/punycode/-/punycode-2.1.1.tgz"
  "version" "2.1.1"

"quick-format-unescaped@^4.0.3":
  "integrity" "sha512-tYC1Q1hgyRuHgloV/YXs2w15unPVh8qfu/qCTfhTYamaw7fyhumKa2yGpdSo87vY32rIclj+4fWYQXUMs9EHvg=="
  "resolved" "https://registry.npmjs.org/quick-format-unescaped/-/quick-format-unescaped-4.0.4.tgz"
  "version" "4.0.4"

"readable-stream@^4.0.0":
  "integrity" "sha512-sVisi3+P2lJ2t0BPbpK629j8wRW06yKGJUcaLAGXPAUhyUxVJm7VsCTit1PFgT4JHUDMrGNR+ZjSKpzGaRF3zw=="
  "resolved" "https://registry.npmjs.org/readable-stream/-/readable-stream-4.1.0.tgz"
  "version" "4.1.0"
  dependencies:
    "abort-controller" "^3.0.0"

"real-require@^0.1.0":
  "integrity" "sha512-r/H9MzAWtrv8aSVjPCMFpDMl5q66GqtmmRkRjpHTsp4zBAa+snZyiQNlMONiUmEJcsnaw0wCauJ2GWODr/aFkg=="
  "resolved" "https://registry.npmjs.org/real-require/-/real-require-0.1.0.tgz"
  "version" "0.1.0"

"require-from-string@^2.0.2":
  "integrity" "sha512-Xf0nWe6RseziFMu+Ap9biiUbmplq6S9/p+7w7YXP/JBHhrUDDUhwa+vANyubuqfZWTveU//DYVGsDG7RKL/vEw=="
  "resolved" "https://registry.npmjs.org/require-from-string/-/require-from-string-2.0.2.tgz"
  "version" "2.0.2"

"resolve-from@^4.0.0":
  "integrity" "sha512-pb/MYmXstAkysRFx8piNI1tGFNQIFA3vkE3Gq4EuA1dF6gHp/+vgZqsCGJapvy8N3Q+4o7FwvquPJcnZ7RYy4g=="
  "resolved" "https://registry.npmjs.org/resolve-from/-/resolve-from-4.0.0.tgz"
  "version" "4.0.0"

"ret@~0.2.0":
  "integrity" "sha512-M0b3YWQs7R3Z917WRQy1HHA7Ba7D8hvZg6UE5mLykJxQVE2ju0IXbGlaHPPlkY+WN7wFP+wUMXmBFA0aV6vYGQ=="
  "resolved" "https://registry.npmjs.org/ret/-/ret-0.2.2.tgz"
  "version" "0.2.2"

"reusify@^1.0.4":
  "integrity" "sha512-U9nH88a3fc/ekCF1l0/UP1IosiuIjyTh7hBvXVMHYgVcfGvt897Xguj2UOLDeI5BG2m7/uwyaLVT6fbtCwTyzw=="
  "resolved" "https://registry.npmjs.org/reusify/-/reusify-1.0.4.tgz"
  "version" "1.0.4"

"rfdc@^1.2.0", "rfdc@^1.3.0":
  "integrity" "sha512-V2hovdzFbOi77/WajaSMXk2OLm+xNIeQdMMuB7icj7bk6zi2F8GGAxigcnDFpJHbNyNcgyJDiP+8nOrY5cZGrA=="
  "resolved" "https://registry.npmjs.org/rfdc/-/rfdc-1.3.0.tgz"
  "version" "1.3.0"

"safe-regex2@^2.0.0":
  "integrity" "sha512-PaUSFsUaNNuKwkBijoAPHAK6/eM6VirvyPWlZ7BAQy4D+hCvh4B6lIG+nPdhbFfIbP+gTGBcrdsOaUs0F+ZBOQ=="
  "resolved" "https://registry.npmjs.org/safe-regex2/-/safe-regex2-2.0.0.tgz"
  "version" "2.0.0"
  dependencies:
    "ret" "~0.2.0"

"safe-stable-stringify@^2.3.1":
  "integrity" "sha512-kYBSfT+troD9cDA85VDnHZ1rpHC50O0g1e6WlGHVCz/g+JS+9WKLj+XwFYyR8UbrZN8ll9HUpDAAddY58MGisg=="
  "resolved" "https://registry.npmjs.org/safe-stable-stringify/-/safe-stable-stringify-2.3.1.tgz"
  "version" "2.3.1"

"secure-json-parse@^2.4.0":
  "integrity" "sha512-Q5Z/97nbON5t/L/sH6mY2EacfjVGwrCcSi5D3btRO2GZ8pf1K1UN7Z9H5J57hjVU2Qzxr1xO+FmBhOvEkzCMmg=="
  "resolved" "https://registry.npmjs.org/secure-json-parse/-/secure-json-parse-2.4.0.tgz"
  "version" "2.4.0"

"semver@^7.3.7":
  "integrity" "sha512-QlYTucUYOews+WeEujDoEGziz4K6c47V/Bd+LjSSYcA94p+DmINdf7ncaUinThfvZyu13lN9OY1XDxt8C0Tw0g=="
  "resolved" "https://registry.npmjs.org/semver/-/semver-7.3.7.tgz"
  "version" "7.3.7"
  dependencies:
    "lru-cache" "^6.0.0"

"set-cookie-parser@^2.4.1":
  "integrity" "sha512-cHMAtSXilfyBePduZEBVPTCftTQWz6ehWJD5YNUg4mqvRosrrjKbo4WS8JkB0/RxonMoohHm7cOGH60mDkRQ9w=="
  "resolved" "https://registry.npmjs.org/set-cookie-parser/-/set-cookie-parser-2.5.0.tgz"
  "version" "2.5.0"

"sonic-boom@^3.0.0":
  "integrity" "sha512-p5DiZOZHbJ2ZO5MADczp5qrfOd3W5Vr2vHxfCpe7G4AzPwVOweIjbfgku8wSQUuk+Y5Yuo8W7JqRe6XKmKistg=="
  "resolved" "https://registry.npmjs.org/sonic-boom/-/sonic-boom-3.0.0.tgz"
  "version" "3.0.0"
  dependencies:
    "atomic-sleep" "^1.0.0"

"split2@^4.0.0":
  "integrity" "sha512-VBiJxFkxiXRlUIeyMQi8s4hgvKCSjtknJv/LVYbrgALPwf5zSKmEwV9Lst25AkvMDnvxODugjdl6KZgwKM1WYQ=="
  "resolved" "https://registry.npmjs.org/split2/-/split2-4.1.0.tgz"
  "version" "4.1.0"

"supports-color@^5.3.0":
  "integrity" "sha512-QjVjwdXIt408MIiAqCX4oUKsgU2EqAGzs2Ppkm4aQYbjm+ZEWEcW4SfFNTr4uMNZma0ey4f5lgLrkB0aX0QMow=="
  "resolved" "https://registry.npmjs.org/supports-color/-/supports-color-5.5.0.tgz"
  "version" "5.5.0"
  dependencies:
    "has-flag" "^3.0.0"

"thread-stream@^1.0.0":
  "integrity" "sha512-JuZyfzx81e5MBk8uIr8ZH76bXyjEQvbRDEkSdlV1JFBdq/rbby2RuvzBYlTBd/xCljxy6lPxrTLXzB9Jl1bNrw=="
  "resolved" "https://registry.npmjs.org/thread-stream/-/thread-stream-1.0.1.tgz"
  "version" "1.0.1"
  dependencies:
    "real-require" "^0.1.0"

"tiny-lru@^8.0.2":
  "integrity" "sha512-ApGvZ6vVvTNdsmt676grvCkUCGwzG9IqXma5Z07xJgiC5L7akUMof5U8G2JTI9Rz/ovtVhJBlY6mNhEvtjzOIg=="
  "resolved" "https://registry.npmjs.org/tiny-lru/-/tiny-lru-8.0.2.tgz"
  "version" "8.0.2"

"ts-json-schema-generator@^1.0.0":
  "integrity" "sha512-F5VofsyMhNSXKII32NDS8/Ur8o2K3Sh5i/U2ke3UgCKf26ybgm2cZeT2x7VJPl1trML/9QLzz/82l0mvzmb3Vw=="
  "resolved" "https://registry.npmjs.org/ts-json-schema-generator/-/ts-json-schema-generator-1.0.0.tgz"
  "version" "1.0.0"
  dependencies:
    "@types/json-schema" "^7.0.9"
    "commander" "^9.0.0"
    "glob" "^7.2.0"
    "json5" "^2.2.0"
    "safe-stable-stringify" "^2.3.1"
    "typescript" "~4.6.2"

"tslib@^2.4.0":
  "integrity" "sha512-d6xOpEDfsi2CZVlPQzGeux8XMwLT9hssAsaPYExaQMuYskwb+x1x7J371tWlbBdWHroy99KnVB6qIkUbs5X3UQ=="
  "resolved" "https://registry.npmjs.org/tslib/-/tslib-2.4.0.tgz"
  "version" "2.4.0"

"turbo-linux-64@1.3.1":
  "integrity" "sha512-O0pNX+N5gbmRcyZT+jsCPUNCN3DpIZHqNN35j7MT5nr0IkZa83CGbZnrEc+7Qws//jFJ26EngqD/JyRB2E8nwQ=="
  "resolved" "https://registry.npmjs.org/turbo-linux-64/-/turbo-linux-64-1.3.1.tgz"
  "version" "1.3.1"

"turbo@^1.3.1":
  "integrity" "sha512-DXckoGKlZgvTn/PrHpBI/57aeXR7tfyPf2dK+4LmBczt24ELA3o6eYHeA7KzfpSYhB2LE9qveYFQ6mJ1OzGjjg=="
  "resolved" "https://registry.npmjs.org/turbo/-/turbo-1.3.1.tgz"
  "version" "1.3.1"
  optionalDependencies:
    "turbo-android-arm64" "1.3.1"
    "turbo-darwin-64" "1.3.1"
    "turbo-darwin-arm64" "1.3.1"
    "turbo-freebsd-64" "1.3.1"
    "turbo-freebsd-arm64" "1.3.1"
    "turbo-linux-32" "1.3.1"
    "turbo-linux-64" "1.3.1"
    "turbo-linux-arm" "1.3.1"
    "turbo-linux-arm64" "1.3.1"
    "turbo-linux-mips64le" "1.3.1"
    "turbo-linux-ppc64le" "1.3.1"
    "turbo-windows-32" "1.3.1"
    "turbo-windows-64" "1.3.1"
    "turbo-windows-arm64" "1.3.1"

"typescript@^4.7.4":
  "integrity" "sha512-C0WQT0gezHuw6AdY1M2jxUO83Rjf0HP7Sk1DtXj6j1EwkQNZrHAg2XPWlq62oqEhYvONq5pkC2Y9oPljWToLmQ=="
  "resolved" "https://registry.npmjs.org/typescript/-/typescript-4.7.4.tgz"
  "version" "4.7.4"

"typescript@~4.6.2":
  "integrity" "sha512-9ia/jWHIEbo49HfjrLGfKbZSuWo9iTMwXO+Ca3pRsSpbsMbc7/IU8NKdCZVRRBafVPGnoJeFL76ZOAA84I9fEg=="
  "resolved" "https://registry.npmjs.org/typescript/-/typescript-4.6.4.tgz"
  "version" "4.6.4"

"uri-js@^4.2.2":
  "integrity" "sha512-7rKUyy33Q1yc98pQ1DAmLtwX109F7TIfWlW1Ydo8Wl1ii1SeHieeh0HHfPeL2fMXK6z0s8ecKs9frCuLJvndBg=="
  "resolved" "https://registry.npmjs.org/uri-js/-/uri-js-4.4.1.tgz"
  "version" "4.4.1"
  dependencies:
    "punycode" "^2.1.0"

"wrappy@1":
  "integrity" "sha512-l4Sp/DRseor9wL6EvV2+TuQn63dMkPjZ/sp9XkghTEbV9KlPS1xUsZ3u7/IQO4wxtcFB4bgpQPRcR3QCvezPcQ=="
  "resolved" "https://registry.npmjs.org/wrappy/-/wrappy-1.0.2.tgz"
  "version" "1.0.2"

"yallist@^4.0.0":
  "integrity" "sha512-3wdGidZyq5PB084XLES5TpOSRA3wjXAlIWMhum2kRcv/41Sn2emQ0dycQW4uZXLejwKvg6EsvbdlVL+FYEct7A=="
  "resolved" "https://registry.npmjs.org/yallist/-/yallist-4.0.0.tgz"
  "version" "4.0.0"

"yaml@^1.10.0":
  "integrity" "sha512-r3vXyErRCYJ7wg28yvBY5VSoAF8ZvlcW9/BwUzEtUsjvX/DKs24dIkuwjtuprwJJHsbyUbLApepYTR1BN4uHrg=="
  "resolved" "https://registry.npmjs.org/yaml/-/yaml-1.10.2.tgz"
  "version" "1.10.2"
